
Microsoft Visual Studio Solution File, Format Version 12.00
# Visual Studio Version 16
VisualStudioVersion = 16.0.30002.166
MinimumVisualStudioVersion = 10.0.40219.1
Project("{FAE04EC0-301F-11D3-BF4B-00C04F79EFBC}") = "Vs.Infrastructure.QuestionAnswer", "Vs.Infrastructure.QuestionAnswer\Vs.Infrastructure.QuestionAnswer.csproj", "{8E1D578F-C059-431F-9562-7A355F0265BB}"
EndProject
Project("{FAE04EC0-301F-11D3-BF4B-00C04F79EFBC}") = "Vs.Infrastructure.QuestionAnswer.Service", "Vs.Infrastructure.QuestionAnswer.Service\Vs.Infrastructure.QuestionAnswer.Service.csproj", "{E71B57D8-59A2-421C-84B7-A17DFA06CE7C}"
EndProject
Global
	GlobalSection(SolutionConfigurationPlatforms) = preSolution
		Debug|Any CPU = Debug|Any CPU
		Release|Any CPU = Release|Any CPU
	EndGlobalSection
	GlobalSection(ProjectConfigurationPlatforms) = postSolution
		{8E1D578F-C059-431F-9562-7A355F0265BB}.Debug|Any CPU.ActiveCfg = Debug|Any CPU
		{8E1D578F-C059-431F-9562-7A355F0265BB}.Debug|Any CPU.Build.0 = Debug|Any CPU
		{8E1D578F-C059-431F-9562-7A355F0265BB}.Release|Any CPU.ActiveCfg = Release|Any CPU
		{8E1D578F-C059-431F-9562-7A355F0265BB}.Release|Any CPU.Build.0 = Release|Any CPU
		{E71B57D8-59A2-421C-84B7-A17DFA06CE7C}.Debug|Any CPU.ActiveCfg = Debug|Any CPU
		{E71B57D8-59A2-421C-84B7-A17DFA06CE7C}.Debug|Any CPU.Build.0 = Debug|Any CPU
		{E71B57D8-59A2-421C-84B7-A17DFA06CE7C}.Release|Any CPU.ActiveCfg = Release|Any CPU
		{E71B57D8-59A2-421C-84B7-A17DFA06CE7C}.Release|Any CPU.Build.0 = Release|Any CPU
	EndGlobalSection
	GlobalSection(SolutionProperties) = preSolution
		HideSolutionNode = FALSE
	EndGlobalSection
	GlobalSection(ExtensibilityGlobals) = postSolution
		SolutionGuid = {E8EE1FFD-8FEB-49DF-9B14-D6184A8D1CB9}
	EndGlobalSection
EndGlobal
